// !$*UTF8*$!
{
	archiveVersion = 1;
	classes = {
	};
	objectVersion = 46;
	objects = {

/* Begin PBXBuildFile section */
		84D6E61619A74A8A00FB6980 /* AddSightingViewController.swift in Sources */ = {isa = PBXBuildFile; fileRef = 84D6E61519A74A8900FB6980 /* AddSightingViewController.swift */; };
		84FDA0EE19A1E69800188F87 /* BirdSighting.swift in Sources */ = {isa = PBXBuildFile; fileRef = 84FDA0ED19A1E69800188F87 /* BirdSighting.swift */; };
		84FDA0F019A1EE2700188F87 /* BirdSightingDataController.swift in Sources */ = {isa = PBXBuildFile; fileRef = 84FDA0EF19A1EE2700188F87 /* BirdSightingDataController.swift */; };
		9A6109B419A04AFA00D23446 /* AppDelegate.swift in Sources */ = {isa = PBXBuildFile; fileRef = 9A6109B319A04AFA00D23446 /* AppDelegate.swift */; };
		9A6109B619A04AFA00D23446 /* MasterViewController.swift in Sources */ = {isa = PBXBuildFile; fileRef = 9A6109B519A04AFA00D23446 /* MasterViewController.swift */; };
		9A6109B819A04AFA00D23446 /* DetailViewController.swift in Sources */ = {isa = PBXBuildFile; fileRef = 9A6109B719A04AFA00D23446 /* DetailViewController.swift */; };
		9A6109BB19A04AFA00D23446 /* Main.storyboard in Resources */ = {isa = PBXBuildFile; fileRef = 9A6109B919A04AFA00D23446 /* Main.storyboard */; };
		9A6109BD19A04AFA00D23446 /* Images.xcassets in Resources */ = {isa = PBXBuildFile; fileRef = 9A6109BC19A04AFA00D23446 /* Images.xcassets */; };
		9A6109C919A04AFA00D23446 /* BirdWatchingTests.swift in Sources */ = {isa = PBXBuildFile; fileRef = 9A6109C819A04AFA00D23446 /* BirdWatchingTests.swift */; };
/* End PBXBuildFile section */

/* Begin PBXContainerItemProxy section */
		9A6109C319A04AFA00D23446 /* PBXContainerItemProxy */ = {
			isa = PBXContainerItemProxy;
			containerPortal = 9A6109A619A04AFA00D23446 /* Project object */;
			proxyType = 1;
			remoteGlobalIDString = 9A6109AD19A04AFA00D23446;
			remoteInfo = BirdWatching;
		};
/* End PBXContainerItemProxy section */

/* Begin PBXFileReference section */
		84D6E61519A74A8900FB6980 /* AddSightingViewController.swift */ = {isa = PBXFileReference; fileEncoding = 4; lastKnownFileType = sourcecode.swift; path = AddSightingViewController.swift; sourceTree = "<group>"; };
		84FDA0ED19A1E69800188F87 /* BirdSighting.swift */ = {isa = PBXFileReference; fileEncoding = 4; lastKnownFileType = sourcecode.swift; path = BirdSighting.swift; sourceTree = "<group>"; };
		84FDA0EF19A1EE2700188F87 /* BirdSightingDataController.swift */ = {isa = PBXFileReference; fileEncoding = 4; lastKnownFileType = sourcecode.swift; path = BirdSightingDataController.swift; sourceTree = "<group>"; };
		9A6109AE19A04AFA00D23446 /* BirdWatching.app */ = {isa = PBXFileReference; explicitFileType = wrapper.application; includeInIndex = 0; path = BirdWatching.app; sourceTree = BUILT_PRODUCTS_DIR; };
		9A6109B219A04AFA00D23446 /* Info.plist */ = {isa = PBXFileReference; lastKnownFileType = text.plist.xml; path = Info.plist; sourceTree = "<group>"; };
		9A6109B319A04AFA00D23446 /* AppDelegate.swift */ = {isa = PBXFileReference; lastKnownFileType = sourcecode.swift; path = AppDelegate.swift; sourceTree = "<group>"; };
		9A6109B519A04AFA00D23446 /* MasterViewController.swift */ = {isa = PBXFileReference; lastKnownFileType = sourcecode.swift; path = MasterViewController.swift; sourceTree = "<group>"; };
		9A6109B719A04AFA00D23446 /* DetailViewController.swift */ = {isa = PBXFileReference; lastKnownFileType = sourcecode.swift; path = DetailViewController.swift; sourceTree = "<group>"; };
		9A6109BA19A04AFA00D23446 /* Base */ = {isa = PBXFileReference; lastKnownFileType = file.storyboard; name = Base; path = Base.lproj/Main.storyboard; sourceTree = "<group>"; };
		9A6109BC19A04AFA00D23446 /* Images.xcassets */ = {isa = PBXFileReference; lastKnownFileType = folder.assetcatalog; path = Images.xcassets; sourceTree = "<group>"; };
		9A6109C219A04AFA00D23446 /* BirdWatchingTests.xctest */ = {isa = PBXFileReference; explicitFileType = wrapper.cfbundle; includeInIndex = 0; path = BirdWatchingTests.xctest; sourceTree = BUILT_PRODUCTS_DIR; };
		9A6109C719A04AFA00D23446 /* Info.plist */ = {isa = PBXFileReference; lastKnownFileType = text.plist.xml; path = Info.plist; sourceTree = "<group>"; };
		9A6109C819A04AFA00D23446 /* BirdWatchingTests.swift */ = {isa = PBXFileReference; lastKnownFileType = sourcecode.swift; path = BirdWatchingTests.swift; sourceTree = "<group>"; };
/* End PBXFileReference section */

/* Begin PBXFrameworksBuildPhase section */
		9A6109AB19A04AFA00D23446 /* Frameworks */ = {
			isa = PBXFrameworksBuildPhase;
			buildActionMask = 2147483647;
			files = (
			);
			runOnlyForDeploymentPostprocessing = 0;
		};
		9A6109BF19A04AFA00D23446 /* Frameworks */ = {
			isa = PBXFrameworksBuildPhase;
			buildActionMask = 2147483647;
			files = (
			);
			runOnlyForDeploymentPostprocessing = 0;
		};
/* End PBXFrameworksBuildPhase section */

/* Begin PBXGroup section */
		9A6109A519A04AFA00D23446 = {
			isa = PBXGroup;
			children = (
				9A6109B019A04AFA00D23446 /* BirdWatching */,
				9A6109C519A04AFA00D23446 /* BirdWatchingTests */,
				9A6109AF19A04AFA00D23446 /* Products */,
			);
			sourceTree = "<group>";
		};
		9A6109AF19A04AFA00D23446 /* Products */ = {
			isa = PBXGroup;
			children = (
				9A6109AE19A04AFA00D23446 /* BirdWatching.app */,
				9A6109C219A04AFA00D23446 /* BirdWatchingTests.xctest */,
			);
			name = Products;
			sourceTree = "<group>";
		};
		9A6109B019A04AFA00D23446 /* BirdWatching */ = {
			isa = PBXGroup;
			children = (
				84D6E61519A74A8900FB6980 /* AddSightingViewController.swift */,
				9A6109B319A04AFA00D23446 /* AppDelegate.swift */,
				84FDA0ED19A1E69800188F87 /* BirdSighting.swift */,
				84FDA0EF19A1EE2700188F87 /* BirdSightingDataController.swift */,
				9A6109B719A04AFA00D23446 /* DetailViewController.swift */,
				9A6109B519A04AFA00D23446 /* MasterViewController.swift */,
				9A6109B919A04AFA00D23446 /* Main.storyboard */,
				9A6109BC19A04AFA00D23446 /* Images.xcassets */,
				9A6109B119A04AFA00D23446 /* Supporting Files */,
			);
			path = BirdWatching;
			sourceTree = "<group>";
		};
		9A6109B119A04AFA00D23446 /* Supporting Files */ = {
			isa = PBXGroup;
			children = (
				9A6109B219A04AFA00D23446 /* Info.plist */,
			);
			name = "Supporting Files";
			sourceTree = "<group>";
		};
		9A6109C519A04AFA00D23446 /* BirdWatchingTests */ = {
			isa = PBXGroup;
			children = (
				9A6109C819A04AFA00D23446 /* BirdWatchingTests.swift */,
				9A6109C619A04AFA00D23446 /* Supporting Files */,
			);
			path = BirdWatchingTests;
			sourceTree = "<group>";
		};
		9A6109C619A04AFA00D23446 /* Supporting Files */ = {
			isa = PBXGroup;
			children = (
				9A6109C719A04AFA00D23446 /* Info.plist */,
			);
			name = "Supporting Files";
			sourceTree = "<group>";
		};
/* End PBXGroup section */

/* Begin PBXNativeTarget section */
		9A6109AD19A04AFA00D23446 /* BirdWatching */ = {
			isa = PBXNativeTarget;
			buildConfigurationList = 9A6109CC19A04AFA00D23446 /* Build configuration list for PBXNativeTarget "BirdWatching" */;
			buildPhases = (
				9A6109AA19A04AFA00D23446 /* Sources */,
				9A6109AB19A04AFA00D23446 /* Frameworks */,
				9A6109AC19A04AFA00D23446 /* Resources */,
			);
			buildRules = (
			);
			dependencies = (
			);
			name = BirdWatching;
			productName = BirdWatching;
			productReference = 9A6109AE19A04AFA00D23446 /* BirdWatching.app */;
			productType = "com.apple.product-type.application";
		};
		9A6109C119A04AFA00D23446 /* BirdWatchingTests */ = {
			isa = PBXNativeTarget;
			buildConfigurationList = 9A6109CF19A04AFA00D23446 /* Build configuration list for PBXNativeTarget "BirdWatchingTests" */;
			buildPhases = (
				9A6109BE19A04AFA00D23446 /* Sources */,
				9A6109BF19A04AFA00D23446 /* Frameworks */,
				9A6109C019A04AFA00D23446 /* Resources */,
			);
			buildRules = (
			);
			dependencies = (
				9A6109C419A04AFA00D23446 /* PBXTargetDependency */,
			);
			name = BirdWatchingTests;
			productName = BirdWatchingTests;
			productReference = 9A6109C219A04AFA00D23446 /* BirdWatchingTests.xctest */;
			productType = "com.apple.product-type.bundle.unit-test";
		};
/* End PBXNativeTarget section */

/* Begin PBXProject section */
		9A6109A619A04AFA00D23446 /* Project object */ = {
			isa = PBXProject;
			attributes = {
				LastUpgradeCheck = 0600;
				ORGANIZATIONNAME = bnrh29;
				TargetAttributes = {
					9A6109AD19A04AFA00D23446 = {
						CreatedOnToolsVersion = 6.0;
					};
					9A6109C119A04AFA00D23446 = {
						CreatedOnToolsVersion = 6.0;
						TestTargetID = 9A6109AD19A04AFA00D23446;
					};
				};
			};
			buildConfigurationList = 9A6109A919A04AFA00D23446 /* Build configuration list for PBXProject "BirdWatching" */;
			compatibilityVersion = "Xcode 3.2";
			developmentRegion = English;
			hasScannedForEncodings = 0;
			knownRegions = (
				en,
				Base,
			);
			mainGroup = 9A6109A519A04AFA00D23446;
			productRefGroup = 9A6109AF19A04AFA00D23446 /* Products */;
			projectDirPath = "";
			projectRoot = "";
			targets = (
				9A6109AD19A04AFA00D23446 /* BirdWatching */,
				9A6109C119A04AFA00D23446 /* BirdWatchingTests */,
			);
		};
/* End PBXProject section */

/* Begin PBXResourcesBuildPhase section */
		9A6109AC19A04AFA00D23446 /* Resources */ = {
			isa = PBXResourcesBuildPhase;
			buildActionMask = 2147483647;
			files = (
				9A6109BB19A04AFA00D23446 /* Main.storyboard in Resources */,
				9A6109BD19A04AFA00D23446 /* Images.xcassets in Resources */,
			);
			runOnlyForDeploymentPostprocessing = 0;
		};
		9A6109C019A04AFA00D23446 /* Resources */ = {
			isa = PBXResourcesBuildPhase;
			buildActionMask = 2147483647;
			files = (
			);
			runOnlyForDeploymentPostprocessing = 0;
		};
/* End PBXResourcesBuildPhase section */

/* Begin PBXSourcesBuildPhase section */
		9A6109AA19A04AFA00D23446 /* Sources */ = {
			isa = PBXSourcesBuildPhase;
			buildActionMask = 2147483647;
			files = (
				9A6109B819A04AFA00D23446 /* DetailViewController.swift in Sources */,
				84D6E61619A74A8A00FB6980 /* AddSightingViewController.swift in Sources */,
				9A6109B619A04AFA00D23446 /* MasterViewController.swift in Sources */,
				84FDA0F019A1EE2700188F87 /* BirdSightingDataController.swift in Sources */,
				9A6109B419A04AFA00D23446 /* AppDelegate.swift in Sources */,
				84FDA0EE19A1E69800188F87 /* BirdSighting.swift in Sources */,
			);
			runOnlyForDeploymentPostprocessing = 0;
		};
		9A6109BE19A04AFA00D23446 /* Sources */ = {
			isa = PBXSourcesBuildPhase;
			buildActionMask = 2147483647;
			files = (
				9A6109C919A04AFA00D23446 /* BirdWatchingTests.swift in Sources */,
			);
			runOnlyForDeploymentPostprocessing = 0;
		};
/* End PBXSourcesBuildPhase section */

/* Begin PBXTargetDependency section */
		9A6109C419A04AFA00D23446 /* PBXTargetDependency */ = {
			isa = PBXTargetDependency;
			target = 9A6109AD19A04AFA00D23446 /* BirdWatching */;
			targetProxy = 9A6109C319A04AFA00D23446 /* PBXContainerItemProxy */;
		};
/* End PBXTargetDependency section */

/* Begin PBXVariantGroup section */
		9A6109B919A04AFA00D23446 /* Main.storyboard */ = {
			isa = PBXVariantGroup;
			children = (
				9A6109BA19A04AFA00D23446 /* Base */,
			);
			name = Main.storyboard;
			sourceTree = "<group>";
		};
/* End PBXVariantGroup section */

/* Begin XCBuildConfiguration section */
		9A6109CA19A04AFA00D23446 /* Debug */ = {
			isa = XCBuildConfiguration;
			buildSettings = {
				ALWAYS_SEARCH_USER_PATHS = NO;
				CLANG_CXX_LANGUAGE_STANDARD = "gnu++0x";
				CLANG_CXX_LIBRARY = "libc++";
				CLANG_ENABLE_MODULES = YES;
				CLANG_ENABLE_OBJC_ARC = YES;
				CLANG_WARN_BOOL_CONVERSION = YES;
				CLANG_WARN_CONSTANT_CONVERSION = YES;
				CLANG_WARN_DIRECT_OBJC_ISA_USAGE = YES_ERROR;
				CLANG_WARN_EMPTY_BODY = YES;
				CLANG_WARN_ENUM_CONVERSION = YES;
				CLANG_WARN_INT_CONVERSION = YES;
				CLANG_WARN_OBJC_ROOT_CLASS = YES_ERROR;
				CLANG_WARN_UNREACHABLE_CODE = YES;
				CLANG_WARN__DUPLICATE_METHOD_MATCH = YES;
				"CODE_SIGN_IDENTITY[sdk=iphoneos*]" = "iPhone Developer";
				COPY_PHASE_STRIP = NO;
				ENABLE_STRICT_OBJC_MSGSEND = YES;
				GCC_C_LANGUAGE_STANDARD = gnu99;
				GCC_DYNAMIC_NO_PIC = NO;
				GCC_OPTIMIZATION_LEVEL = 0;
				GCC_PREPROCESSOR_DEFINITIONS = (
					"DEBUG=1",
					"$(inherited)",
				);
				GCC_SYMBOLS_PRIVATE_EXTERN = NO;
				GCC_WARN_64_TO_32_BIT_CONVERSION = YES;
				GCC_WARN_ABOUT_RETURN_TYPE = YES_ERROR;
				GCC_WARN_UNDECLARED_SELECTOR = YES;
				GCC_WARN_UNINITIALIZED_AUTOS = YES_AGGRESSIVE;
				GCC_WARN_UNUSED_FUNCTION = YES;
				GCC_WARN_UNUSED_VARIABLE = YES;
				IPHONEOS_DEPLOYMENT_TARGET = 8.0;
				MTL_ENABLE_DEBUG_INFO = YES;
				ONLY_ACTIVE_ARCH = YES;
				SDKROOT = iphoneos;
				SWIFT_OPTIMIZATION_LEVEL = "-Onone";
			};
			name = Debug;
		};
		9A6109CB19A04AFA00D23446 /* Release */ = {
			isa = XCBuildConfiguration;
			buildSettings = {
				ALWAYS_SEARCH_USER_PATHS = NO;
				CLANG_CXX_LANGUAGE_STANDARD = "gnu++0x";
				CLANG_CXX_LIBRARY = "libc++";
				CLANG_ENABLE_MODULES = YES;
				CLANG_ENABLE_OBJC_ARC = YES;
				CLANG_WARN_BOOL_CONVERSION = YES;
				CLANG_WARN_CONSTANT_CONVERSION = YES;
				CLANG_WARN_DIRECT_OBJC_ISA_USAGE = YES_ERROR;
				CLANG_WARN_EMPTY_BODY = YES;
				CLANG_WARN_ENUM_CONVERSION = YES;
				CLANG_WARN_INT_CONVERSION = YES;
				CLANG_WARN_OBJC_ROOT_CLASS = YES_ERROR;
				CLANG_WARN_UNREACHABLE_CODE = YES;
				CLANG_WARN__DUPLICATE_METHOD_MATCH = YES;
				"CODE_SIGN_IDENTITY[sdk=iphoneos*]" = "iPhone Developer";
				COPY_PHASE_STRIP = YES;
				ENABLE_NS_ASSERTIONS = NO;
				ENABLE_STRICT_OBJC_MSGSEND = YES;
				GCC_C_LANGUAGE_STANDARD = gnu99;
				GCC_WARN_64_TO_32_BIT_CONVERSION = YES;
				GCC_WARN_ABOUT_RETURN_TYPE = YES_ERROR;
				GCC_WARN_UNDECLARED_SELECTOR = YES;
				GCC_WARN_UNINITIALIZED_AUTOS = YES_AGGRESSIVE;
				GCC_WARN_UNUSED_FUNCTION = YES;
				GCC_WARN_UNUSED_VARIABLE = YES;
				IPHONEOS_DEPLOYMENT_TARGET = 8.0;
				MTL_ENABLE_DEBUG_INFO = NO;
				SDKROOT = iphoneos;
				VALIDATE_PRODUCT = YES;
			};
			name = Release;
		};
		9A6109CD19A04AFA00D23446 /* Debug */ = {
			isa = XCBuildConfiguration;
			buildSettings = {
				ASSETCATALOG_COMPILER_APPICON_NAME = AppIcon;
				ASSETCATALOG_COMPILER_LAUNCHIMAGE_NAME = LaunchImage;
				INFOPLIST_FILE = BirdWatching/Info.plist;
				LD_RUNPATH_SEARCH_PATHS = "$(inherited) @executable_path/Frameworks";
				PRODUCT_NAME = "$(TARGET_NAME)";
			};
			name = Debug;
		};
		9A6109CE19A04AFA00D23446 /* Release */ = {
			isa = XCBuildConfiguration;
			buildSettings = {
				ASSETCATALOG_COMPILER_APPICON_NAME = AppIcon;
				ASSETCATALOG_COMPILER_LAUNCHIMAGE_NAME = LaunchImage;
				INFOPLIST_FILE = BirdWatching/Info.plist;
				LD_RUNPATH_SEARCH_PATHS = "$(inherited) @executable_path/Frameworks";
				PRODUCT_NAME = "$(TARGET_NAME)";
			};
			name = Release;
		};
		9A6109D019A04AFA00D23446 /* Debug */ = {
			isa = XCBuildConfiguration;
			buildSettings = {
				BUNDLE_LOADER = "$(TEST_HOST)";
				FRAMEWORK_SEARCH_PATHS = (
					"$(SDKROOT)/Developer/Library/Frameworks",
					"$(inherited)",
				);
				GCC_PREPROCESSOR_DEFINITIONS = (
					"DEBUG=1",
					"$(inherited)",
				);
				INFOPLIST_FILE = BirdWatchingTests/Info.plist;
				LD_RUNPATH_SEARCH_PATHS = "$(inherited) @executable_path/Frameworks @loader_path/Frameworks";
				PRODUCT_NAME = "$(TARGET_NAME)";
				TEST_HOST = "$(BUILT_PRODUCTS_DIR)/BirdWatching.app/BirdWatching";
			};
			name = Debug;
		};
		9A6109D119A04AFA00D23446 /* Release */ = {
			isa = XCBuildConfiguration;
			buildSettings = {
				BUNDLE_LOADER = "$(TEST_HOST)";
				FRAMEWORK_SEARCH_PATHS = (
					"$(SDKROOT)/Developer/Library/Frameworks",
					"$(inherited)",
				);
				INFOPLIST_FILE = BirdWatchingTests/Info.plist;
				LD_RUNPATH_SEARCH_PATHS = "$(inherited) @executable_path/Frameworks @loader_path/Frameworks";
				PRODUCT_NAME = "$(TARGET_NAME)";
				TEST_HOST = "$(BUILT_PRODUCTS_DIR)/BirdWatching.app/BirdWatching";
			};
			name = Release;
		};
/* End XCBuildConfiguration section */

/* Begin XCConfigurationList section */
		9A6109A919A04AFA00D23446 /* Build configuration list for PBXProject "BirdWatching" */ = {
			isa = XCConfigurationList;
			buildConfigurations = (
				9A6109CA19A04AFA00D23446 /* Debug */,
				9A6109CB19A04AFA00D23446 /* Release */,
			);
			defaultConfigurationIsVisible = 0;
			defaultConfigurationName = Release;
		};
		9A6109CC19A04AFA00D23446 /* Build configuration list for PBXNativeTarget "BirdWatching" */ = {
			isa = XCConfigurationList;
			buildConfigurations = (
				9A6109CD19A04AFA00D23446 /* Debug */,
				9A6109CE19A04AFA00D23446 /* Release */,
			);
			defaultConfigurationIsVisible = 0;
			defaultConfigurationName = Release;
		};
		9A6109CF19A04AFA00D23446 /* Build configuration list for PBXNativeTarget "BirdWatchingTests" */ = {
			isa = XCConfigurationList;
			buildConfigurations = (
				9A6109D019A04AFA00D23446 /* Debug */,
				9A6109D119A04AFA00D23446 /* Release */,
			);
			defaultConfigurationIsVisible = 0;
			defaultConfigurationName = Release;
		};
/* End XCConfigurationList section */
	};
	rootObject = 9A6109A619A04AFA00D23446 /* Project object */;
}
